
Microsoft Visual Studio Solution File, Format Version 12.00
# Visual Studio Version 17
VisualStudioVersion = 17.3.32922.545
MinimumVisualStudioVersion = 10.0.40219.1
Project("{2150E333-8FDC-42A3-9474-1A3956D46DE8}") = "Website", "Website", "{8491DE81-7108-4105-9751-92BAAEFCC0B9}"
EndProject
Project("{2150E333-8FDC-42A3-9474-1A3956D46DE8}") = "Manager", "Manager", "{4DC2553F-6221-4399-BD0D-58DD8E88E182}"
EndProject
Project("{9A19103F-16F7-4668-BE54-9A1E7A4F7556}") = "Manager.Api", "Manager.Api\Manager.Api.csproj", "{E55A91E0-9B23-4482-9064-A318342B6BAF}"
EndProject
Project("{9A19103F-16F7-4668-BE54-9A1E7A4F7556}") = "Manager.Application", "Manager.Application\Manager.Application.csproj", "{B1192ECD-CC07-40E3-BE5A-AA96778861CA}"
EndProject
Project("{9A19103F-16F7-4668-BE54-9A1E7A4F7556}") = "Manager.Domain", "Manager.Domain\Manager.Domain.csproj", "{89F3EFB3-1F13-4CEC-A190-0F56C7D69835}"
EndProject
Project("{9A19103F-16F7-4668-BE54-9A1E7A4F7556}") = "Manager.Infrastructure", "Manager.Infrastructure\Manager.Infrastructure.csproj", "{CC61ADFA-AAEC-444A-A17F-275CD9455451}"
EndProject
Project("{9A19103F-16F7-4668-BE54-9A1E7A4F7556}") = "Website.Api", "Website.Api\Website.Api.csproj", "{70BDD621-48AE-4EF3-B8FD-F9A174D6CC5B}"
EndProject
Project("{9A19103F-16F7-4668-BE54-9A1E7A4F7556}") = "Website.Application", "Website.Application\Website.Application.csproj", "{A4CE5192-19EC-49FC-80D6-1875B0B91933}"
EndProject
Project("{9A19103F-16F7-4668-BE54-9A1E7A4F7556}") = "Website.Domain", "Website.Domain\Website.Domain.csproj", "{64D944B0-A6D9-4930-AE24-AB8A3E6422C5}"
EndProject
Project("{9A19103F-16F7-4668-BE54-9A1E7A4F7556}") = "Website.Infrastructure", "Website.Infrastructure\Website.Infrastructure.csproj", "{6258C3F7-01E5-4C20-9DA8-38981B4E1C53}"
EndProject
Project("{FAE04EC0-301F-11D3-BF4B-00C04F79EFBC}") = "Shared", "Shared\Shared.csproj", "{271E86B8-8385-428A-8B0B-97F5F4CF2CE4}"
EndProject
Global
	GlobalSection(SolutionConfigurationPlatforms) = preSolution
		Debug|Any CPU = Debug|Any CPU
		Release|Any CPU = Release|Any CPU
	EndGlobalSection
	GlobalSection(ProjectConfigurationPlatforms) = postSolution
		{E55A91E0-9B23-4482-9064-A318342B6BAF}.Debug|Any CPU.ActiveCfg = Debug|Any CPU
		{E55A91E0-9B23-4482-9064-A318342B6BAF}.Debug|Any CPU.Build.0 = Debug|Any CPU
		{E55A91E0-9B23-4482-9064-A318342B6BAF}.Release|Any CPU.ActiveCfg = Release|Any CPU
		{E55A91E0-9B23-4482-9064-A318342B6BAF}.Release|Any CPU.Build.0 = Release|Any CPU
		{B1192ECD-CC07-40E3-BE5A-AA96778861CA}.Debug|Any CPU.ActiveCfg = Debug|Any CPU
		{B1192ECD-CC07-40E3-BE5A-AA96778861CA}.Debug|Any CPU.Build.0 = Debug|Any CPU
		{B1192ECD-CC07-40E3-BE5A-AA96778861CA}.Release|Any CPU.ActiveCfg = Release|Any CPU
		{B1192ECD-CC07-40E3-BE5A-AA96778861CA}.Release|Any CPU.Build.0 = Release|Any CPU
		{89F3EFB3-1F13-4CEC-A190-0F56C7D69835}.Debug|Any CPU.ActiveCfg = Debug|Any CPU
		{89F3EFB3-1F13-4CEC-A190-0F56C7D69835}.Debug|Any CPU.Build.0 = Debug|Any CPU
		{89F3EFB3-1F13-4CEC-A190-0F56C7D69835}.Release|Any CPU.ActiveCfg = Release|Any CPU
		{89F3EFB3-1F13-4CEC-A190-0F56C7D69835}.Release|Any CPU.Build.0 = Release|Any CPU
		{CC61ADFA-AAEC-444A-A17F-275CD9455451}.Debug|Any CPU.ActiveCfg = Debug|Any CPU
		{CC61ADFA-AAEC-444A-A17F-275CD9455451}.Debug|Any CPU.Build.0 = Debug|Any CPU
		{CC61ADFA-AAEC-444A-A17F-275CD9455451}.Release|Any CPU.ActiveCfg = Release|Any CPU
		{CC61ADFA-AAEC-444A-A17F-275CD9455451}.Release|Any CPU.Build.0 = Release|Any CPU
		{70BDD621-48AE-4EF3-B8FD-F9A174D6CC5B}.Debug|Any CPU.ActiveCfg = Debug|Any CPU
		{70BDD621-48AE-4EF3-B8FD-F9A174D6CC5B}.Debug|Any CPU.Build.0 = Debug|Any CPU
		{70BDD621-48AE-4EF3-B8FD-F9A174D6CC5B}.Release|Any CPU.ActiveCfg = Release|Any CPU
		{70BDD621-48AE-4EF3-B8FD-F9A174D6CC5B}.Release|Any CPU.Build.0 = Release|Any CPU
		{A4CE5192-19EC-49FC-80D6-1875B0B91933}.Debug|Any CPU.ActiveCfg = Debug|Any CPU
		{A4CE5192-19EC-49FC-80D6-1875B0B91933}.Debug|Any CPU.Build.0 = Debug|Any CPU
		{A4CE5192-19EC-49FC-80D6-1875B0B91933}.Release|Any CPU.ActiveCfg = Release|Any CPU
		{A4CE5192-19EC-49FC-80D6-1875B0B91933}.Release|Any CPU.Build.0 = Release|Any CPU
		{64D944B0-A6D9-4930-AE24-AB8A3E6422C5}.Debug|Any CPU.ActiveCfg = Debug|Any CPU
		{64D944B0-A6D9-4930-AE24-AB8A3E6422C5}.Debug|Any CPU.Build.0 = Debug|Any CPU
		{64D944B0-A6D9-4930-AE24-AB8A3E6422C5}.Release|Any CPU.ActiveCfg = Release|Any CPU
		{64D944B0-A6D9-4930-AE24-AB8A3E6422C5}.Release|Any CPU.Build.0 = Release|Any CPU
		{6258C3F7-01E5-4C20-9DA8-38981B4E1C53}.Debug|Any CPU.ActiveCfg = Debug|Any CPU
		{6258C3F7-01E5-4C20-9DA8-38981B4E1C53}.Debug|Any CPU.Build.0 = Debug|Any CPU
		{6258C3F7-01E5-4C20-9DA8-38981B4E1C53}.Release|Any CPU.ActiveCfg = Release|Any CPU
		{6258C3F7-01E5-4C20-9DA8-38981B4E1C53}.Release|Any CPU.Build.0 = Release|Any CPU
		{271E86B8-8385-428A-8B0B-97F5F4CF2CE4}.Debug|Any CPU.ActiveCfg = Debug|Any CPU
		{271E86B8-8385-428A-8B0B-97F5F4CF2CE4}.Debug|Any CPU.Build.0 = Debug|Any CPU
		{271E86B8-8385-428A-8B0B-97F5F4CF2CE4}.Release|Any CPU.ActiveCfg = Release|Any CPU
		{271E86B8-8385-428A-8B0B-97F5F4CF2CE4}.Release|Any CPU.Build.0 = Release|Any CPU
	EndGlobalSection
	GlobalSection(SolutionProperties) = preSolution
		HideSolutionNode = FALSE
	EndGlobalSection
	GlobalSection(NestedProjects) = preSolution
		{E55A91E0-9B23-4482-9064-A318342B6BAF} = {4DC2553F-6221-4399-BD0D-58DD8E88E182}
		{B1192ECD-CC07-40E3-BE5A-AA96778861CA} = {4DC2553F-6221-4399-BD0D-58DD8E88E182}
		{89F3EFB3-1F13-4CEC-A190-0F56C7D69835} = {4DC2553F-6221-4399-BD0D-58DD8E88E182}
		{CC61ADFA-AAEC-444A-A17F-275CD9455451} = {4DC2553F-6221-4399-BD0D-58DD8E88E182}
		{70BDD621-48AE-4EF3-B8FD-F9A174D6CC5B} = {8491DE81-7108-4105-9751-92BAAEFCC0B9}
		{A4CE5192-19EC-49FC-80D6-1875B0B91933} = {8491DE81-7108-4105-9751-92BAAEFCC0B9}
		{64D944B0-A6D9-4930-AE24-AB8A3E6422C5} = {8491DE81-7108-4105-9751-92BAAEFCC0B9}
		{6258C3F7-01E5-4C20-9DA8-38981B4E1C53} = {8491DE81-7108-4105-9751-92BAAEFCC0B9}
	EndGlobalSection
	GlobalSection(ExtensibilityGlobals) = postSolution
		SolutionGuid = {566FA20E-C90E-478F-9813-6D44AE85C828}
	EndGlobalSection
EndGlobal
