
Microsoft Visual Studio Solution File, Format Version 12.00
# Visual Studio Version 17
VisualStudioVersion = 17.3.32922.545
MinimumVisualStudioVersion = 10.0.40219.1
Project("{2150E333-8FDC-42A3-9474-1A3956D46DE8}") = "Website", "Website", "{8491DE81-7108-4105-9751-92BAAEFCC0B9}"
EndProject
Project("{2150E333-8FDC-42A3-9474-1A3956D46DE8}") = "Manager", "Manager", "{4DC2553F-6221-4399-BD0D-58DD8E88E182}"
EndProject
Project("{2150E333-8FDC-42A3-9474-1A3956D46DE8}") = "Services", "Services", "{7087E186-E576-4AB2-BD9A-8DCDA509FF38}"
EndProject
Project("{FAE04EC0-301F-11D3-BF4B-00C04F79EFBC}") = "Manager.Api", "Manager.Api\Manager.Api.csproj", "{E55A91E0-9B23-4482-9064-A318342B6BAF}"
EndProject
Project("{FAE04EC0-301F-11D3-BF4B-00C04F79EFBC}") = "Manager.Application", "Manager.Application\Manager.Application.csproj", "{B1192ECD-CC07-40E3-BE5A-AA96778861CA}"
EndProject
Project("{FAE04EC0-301F-11D3-BF4B-00C04F79EFBC}") = "Manager.Domain", "Manager.Domain\Manager.Domain.csproj", "{89F3EFB3-1F13-4CEC-A190-0F56C7D69835}"
EndProject
Project("{FAE04EC0-301F-11D3-BF4B-00C04F79EFBC}") = "Manager.Infrastructure", "Manager.Infrastructure\Manager.Infrastructure.csproj", "{CC61ADFA-AAEC-444A-A17F-275CD9455451}"
EndProject
Project("{FAE04EC0-301F-11D3-BF4B-00C04F79EFBC}") = "Website.Api", "Website.Api\Website.Api.csproj", "{70BDD621-48AE-4EF3-B8FD-F9A174D6CC5B}"
EndProject
Project("{FAE04EC0-301F-11D3-BF4B-00C04F79EFBC}") = "Website.Application", "Website.Application\Website.Application.csproj", "{A4CE5192-19EC-49FC-80D6-1875B0B91933}"
EndProject
Project("{FAE04EC0-301F-11D3-BF4B-00C04F79EFBC}") = "Website.Domain", "Website.Domain\Website.Domain.csproj", "{64D944B0-A6D9-4930-AE24-AB8A3E6422C5}"
EndProject
Project("{FAE04EC0-301F-11D3-BF4B-00C04F79EFBC}") = "Website.Infrastructure", "Website.Infrastructure\Website.Infrastructure.csproj", "{6258C3F7-01E5-4C20-9DA8-38981B4E1C53}"
EndProject
Project("{FAE04EC0-301F-11D3-BF4B-00C04F79EFBC}") = "Common", "Common\Common.csproj", "{0EAA7A7F-134D-465C-A6AD-93CC52474F9A}"
EndProject
Project("{FAE04EC0-301F-11D3-BF4B-00C04F79EFBC}") = "EmailService", "EmailService\EmailService.csproj", "{A4B25271-4E7E-4461-BE43-53B7B132DB96}"
EndProject
Project("{FAE04EC0-301F-11D3-BF4B-00C04F79EFBC}") = "PageService", "PageService\PageService.csproj", "{8E84563E-ED7B-402D-85A4-5A0D46EE8E06}"
EndProject
Project("{FAE04EC0-301F-11D3-BF4B-00C04F79EFBC}") = "QueryService", "QueryService\QueryService.csproj", "{99723D24-D4EA-4288-9CAC-45B75B2F91F4}"
EndProject
Project("{FAE04EC0-301F-11D3-BF4B-00C04F79EFBC}") = "SearchSuggestionsWorkerService", "SearchSuggestionsWorkerService\SearchSuggestionsWorkerService.csproj", "{895C58FE-EF8B-4FAC-A434-1A3D315EA53F}"
EndProject
Global
	GlobalSection(SolutionConfigurationPlatforms) = preSolution
		Debug|Any CPU = Debug|Any CPU
		Release|Any CPU = Release|Any CPU
	EndGlobalSection
	GlobalSection(ProjectConfigurationPlatforms) = postSolution
		{E55A91E0-9B23-4482-9064-A318342B6BAF}.Debug|Any CPU.ActiveCfg = Debug|Any CPU
		{E55A91E0-9B23-4482-9064-A318342B6BAF}.Debug|Any CPU.Build.0 = Debug|Any CPU
		{E55A91E0-9B23-4482-9064-A318342B6BAF}.Release|Any CPU.ActiveCfg = Release|Any CPU
		{E55A91E0-9B23-4482-9064-A318342B6BAF}.Release|Any CPU.Build.0 = Release|Any CPU
		{B1192ECD-CC07-40E3-BE5A-AA96778861CA}.Debug|Any CPU.ActiveCfg = Debug|Any CPU
		{B1192ECD-CC07-40E3-BE5A-AA96778861CA}.Debug|Any CPU.Build.0 = Debug|Any CPU
		{B1192ECD-CC07-40E3-BE5A-AA96778861CA}.Release|Any CPU.ActiveCfg = Release|Any CPU
		{B1192ECD-CC07-40E3-BE5A-AA96778861CA}.Release|Any CPU.Build.0 = Release|Any CPU
		{89F3EFB3-1F13-4CEC-A190-0F56C7D69835}.Debug|Any CPU.ActiveCfg = Debug|Any CPU
		{89F3EFB3-1F13-4CEC-A190-0F56C7D69835}.Debug|Any CPU.Build.0 = Debug|Any CPU
		{89F3EFB3-1F13-4CEC-A190-0F56C7D69835}.Release|Any CPU.ActiveCfg = Release|Any CPU
		{89F3EFB3-1F13-4CEC-A190-0F56C7D69835}.Release|Any CPU.Build.0 = Release|Any CPU
		{CC61ADFA-AAEC-444A-A17F-275CD9455451}.Debug|Any CPU.ActiveCfg = Debug|Any CPU
		{CC61ADFA-AAEC-444A-A17F-275CD9455451}.Debug|Any CPU.Build.0 = Debug|Any CPU
		{CC61ADFA-AAEC-444A-A17F-275CD9455451}.Release|Any CPU.ActiveCfg = Release|Any CPU
		{CC61ADFA-AAEC-444A-A17F-275CD9455451}.Release|Any CPU.Build.0 = Release|Any CPU
		{70BDD621-48AE-4EF3-B8FD-F9A174D6CC5B}.Debug|Any CPU.ActiveCfg = Debug|Any CPU
		{70BDD621-48AE-4EF3-B8FD-F9A174D6CC5B}.Debug|Any CPU.Build.0 = Debug|Any CPU
		{70BDD621-48AE-4EF3-B8FD-F9A174D6CC5B}.Release|Any CPU.ActiveCfg = Release|Any CPU
		{70BDD621-48AE-4EF3-B8FD-F9A174D6CC5B}.Release|Any CPU.Build.0 = Release|Any CPU
		{A4CE5192-19EC-49FC-80D6-1875B0B91933}.Debug|Any CPU.ActiveCfg = Debug|Any CPU
		{A4CE5192-19EC-49FC-80D6-1875B0B91933}.Debug|Any CPU.Build.0 = Debug|Any CPU
		{A4CE5192-19EC-49FC-80D6-1875B0B91933}.Release|Any CPU.ActiveCfg = Release|Any CPU
		{A4CE5192-19EC-49FC-80D6-1875B0B91933}.Release|Any CPU.Build.0 = Release|Any CPU
		{64D944B0-A6D9-4930-AE24-AB8A3E6422C5}.Debug|Any CPU.ActiveCfg = Debug|Any CPU
		{64D944B0-A6D9-4930-AE24-AB8A3E6422C5}.Debug|Any CPU.Build.0 = Debug|Any CPU
		{64D944B0-A6D9-4930-AE24-AB8A3E6422C5}.Release|Any CPU.ActiveCfg = Release|Any CPU
		{64D944B0-A6D9-4930-AE24-AB8A3E6422C5}.Release|Any CPU.Build.0 = Release|Any CPU
		{6258C3F7-01E5-4C20-9DA8-38981B4E1C53}.Debug|Any CPU.ActiveCfg = Debug|Any CPU
		{6258C3F7-01E5-4C20-9DA8-38981B4E1C53}.Debug|Any CPU.Build.0 = Debug|Any CPU
		{6258C3F7-01E5-4C20-9DA8-38981B4E1C53}.Release|Any CPU.ActiveCfg = Release|Any CPU
		{6258C3F7-01E5-4C20-9DA8-38981B4E1C53}.Release|Any CPU.Build.0 = Release|Any CPU
		{0EAA7A7F-134D-465C-A6AD-93CC52474F9A}.Debug|Any CPU.ActiveCfg = Debug|Any CPU
		{0EAA7A7F-134D-465C-A6AD-93CC52474F9A}.Debug|Any CPU.Build.0 = Debug|Any CPU
		{0EAA7A7F-134D-465C-A6AD-93CC52474F9A}.Release|Any CPU.ActiveCfg = Release|Any CPU
		{0EAA7A7F-134D-465C-A6AD-93CC52474F9A}.Release|Any CPU.Build.0 = Release|Any CPU
		{A4B25271-4E7E-4461-BE43-53B7B132DB96}.Debug|Any CPU.ActiveCfg = Debug|Any CPU
		{A4B25271-4E7E-4461-BE43-53B7B132DB96}.Debug|Any CPU.Build.0 = Debug|Any CPU
		{A4B25271-4E7E-4461-BE43-53B7B132DB96}.Release|Any CPU.ActiveCfg = Release|Any CPU
		{A4B25271-4E7E-4461-BE43-53B7B132DB96}.Release|Any CPU.Build.0 = Release|Any CPU
		{8E84563E-ED7B-402D-85A4-5A0D46EE8E06}.Debug|Any CPU.ActiveCfg = Debug|Any CPU
		{8E84563E-ED7B-402D-85A4-5A0D46EE8E06}.Debug|Any CPU.Build.0 = Debug|Any CPU
		{8E84563E-ED7B-402D-85A4-5A0D46EE8E06}.Release|Any CPU.ActiveCfg = Release|Any CPU
		{8E84563E-ED7B-402D-85A4-5A0D46EE8E06}.Release|Any CPU.Build.0 = Release|Any CPU
		{99723D24-D4EA-4288-9CAC-45B75B2F91F4}.Debug|Any CPU.ActiveCfg = Debug|Any CPU
		{99723D24-D4EA-4288-9CAC-45B75B2F91F4}.Debug|Any CPU.Build.0 = Debug|Any CPU
		{99723D24-D4EA-4288-9CAC-45B75B2F91F4}.Release|Any CPU.ActiveCfg = Release|Any CPU
		{99723D24-D4EA-4288-9CAC-45B75B2F91F4}.Release|Any CPU.Build.0 = Release|Any CPU
		{895C58FE-EF8B-4FAC-A434-1A3D315EA53F}.Debug|Any CPU.ActiveCfg = Debug|Any CPU
		{895C58FE-EF8B-4FAC-A434-1A3D315EA53F}.Debug|Any CPU.Build.0 = Debug|Any CPU
		{895C58FE-EF8B-4FAC-A434-1A3D315EA53F}.Release|Any CPU.ActiveCfg = Release|Any CPU
		{895C58FE-EF8B-4FAC-A434-1A3D315EA53F}.Release|Any CPU.Build.0 = Release|Any CPU
	EndGlobalSection
	GlobalSection(SolutionProperties) = preSolution
		HideSolutionNode = FALSE
	EndGlobalSection
	GlobalSection(NestedProjects) = preSolution
		{E55A91E0-9B23-4482-9064-A318342B6BAF} = {4DC2553F-6221-4399-BD0D-58DD8E88E182}
		{B1192ECD-CC07-40E3-BE5A-AA96778861CA} = {4DC2553F-6221-4399-BD0D-58DD8E88E182}
		{89F3EFB3-1F13-4CEC-A190-0F56C7D69835} = {4DC2553F-6221-4399-BD0D-58DD8E88E182}
		{CC61ADFA-AAEC-444A-A17F-275CD9455451} = {4DC2553F-6221-4399-BD0D-58DD8E88E182}
		{70BDD621-48AE-4EF3-B8FD-F9A174D6CC5B} = {8491DE81-7108-4105-9751-92BAAEFCC0B9}
		{A4CE5192-19EC-49FC-80D6-1875B0B91933} = {8491DE81-7108-4105-9751-92BAAEFCC0B9}
		{64D944B0-A6D9-4930-AE24-AB8A3E6422C5} = {8491DE81-7108-4105-9751-92BAAEFCC0B9}
		{6258C3F7-01E5-4C20-9DA8-38981B4E1C53} = {8491DE81-7108-4105-9751-92BAAEFCC0B9}
		{0EAA7A7F-134D-465C-A6AD-93CC52474F9A} = {7087E186-E576-4AB2-BD9A-8DCDA509FF38}
		{A4B25271-4E7E-4461-BE43-53B7B132DB96} = {7087E186-E576-4AB2-BD9A-8DCDA509FF38}
		{8E84563E-ED7B-402D-85A4-5A0D46EE8E06} = {7087E186-E576-4AB2-BD9A-8DCDA509FF38}
		{99723D24-D4EA-4288-9CAC-45B75B2F91F4} = {7087E186-E576-4AB2-BD9A-8DCDA509FF38}
		{895C58FE-EF8B-4FAC-A434-1A3D315EA53F} = {7087E186-E576-4AB2-BD9A-8DCDA509FF38}
	EndGlobalSection
	GlobalSection(ExtensibilityGlobals) = postSolution
		SolutionGuid = {566FA20E-C90E-478F-9813-6D44AE85C828}
	EndGlobalSection
EndGlobal
